{
    "_meta": {
        "hash": {
            "sha256": "4d559e237848c70bdc34afe97b733fd02d52e1b15d8806dab33fe8024434cf0e"
        },
        "pipfile-spec": 6,
        "requires": {
            "python_version": "3.8"
        },
        "sources": [
            {
                "name": "pypi",
                "url": "https://pypi.org/simple",
                "verify_ssl": true
            }
        ]
    },
    "default": {
        "pyside2": {
            "hashes": [
                "sha256:174e1863ae3526bae8ae946b24cccb472dffd7e643bc47ae4d2de39cac583a9c",
                "sha256:71d0416e69f0ac4d5d0f9892c819b2896a4e821bc83b29932769060119f3292c",
                "sha256:7d5054009ced176cf78d71d2787bdcd676bc990004bec0e7079f7bdfe7edffe5",
                "sha256:93c19beef80ef54392e6cd0de937be4e1603560229eb38738c8b50bbb8da90f7",
                "sha256:a6390619b9c8713ba190dd3fa116a2d9f63597cb0f902fbf31b2657023936a3a",
                "sha256:e21058fcd8d2cb9871fc61f9d35ed15f0e0c4718c5d463a2e37be1d67b8c40b4"
            ],
            "index": "pypi",
            "version": "==5.14.2.1"
        },
        "shiboken2": {
            "hashes": [
                "sha256:16b59490228bf923ea7c8ed6edcb4f7349ce5a5fc30369190c41487baf6d4aaa",
                "sha256:73d03e74f542204e351539e42ab3e3727a69408e1497af4c6e84fb66c3e706d8",
                "sha256:c022203b7cf01df6ad0bb190d286c2965958243a16e47bee8c5e6bbb9d0cd475",
                "sha256:cd6ba0ba0d070c8ec090ad3eb10440989f7e5a4404c6b087f8f695a75a01e1dc",
                "sha256:d285d476a76f254bff69cc58c1d4385df295b42de1a818d4a8d11694c2d728fc",
                "sha256:fe4d0cf6737f1d01944be4cf3b401d74015c515ab84622bf04f47d64ffcd39f9"
            ],
            "version": "==5.14.2.1"
        }
    },
    "develop": {
        "altgraph": {
            "hashes": [
                "sha256:1f05a47122542f97028caf78775a095fbe6a2699b5089de8477eb583167d69aa",
                "sha256:c623e5f3408ca61d4016f23a681b9adb100802ca3e3da5e718915a9e4052cebe"
            ],
            "version": "==0.17"
        },
        "astroid": {
            "hashes": [
                "sha256:4c17cea3e592c21b6e222f673868961bad77e1f985cb1694ed077475a89229c1",
                "sha256:d8506842a3faf734b81599c8b98dcc423de863adcc1999248480b18bd31a0f38"
            ],
            "version": "==2.4.1"
        },
        "autopep8": {
            "hashes": [
                "sha256:152fd8fe47d02082be86e05001ec23d6f420086db56b17fc883f3f965fb34954"
            ],
            "index": "pypi",
            "version": "==1.5.2"
        },
        "cx-freeze": {
            "hashes": [
                "sha256:02720e6ccfcc0f20d95247f9720c10aef6fbd156aaf5c5e4f32745c4851e1db0",
                "sha256:1b78298f905ba0579377b3fa7b452066a5271b5a461ac2d9b0c06797dad63768",
                "sha256:3e3378cdbde57bda17e3b5c6eebce499b1940a894c689695565d81180bc3ed43",
                "sha256:68816580aa558498a0dd903dcbcab84e402a7d44cfbd8e9597355930629baee0",
                "sha256:69c13821d0949818e71eb1cd27a7aca9fc48cc24b2cf5cdd3647792d05df1249",
                "sha256:91ded07c4a5a379fc6a8ff89569a96c56ca60448dc2e93f7c4d0056234083927",
                "sha256:a0181bdb0ed16b292f4cfb8cd3afc84e956fc187431f25392bd981460dd73da0",
                "sha256:a9b79e703d2d30f2a7d59af45d6645d5ffd5d9f00ec0840d83d2c9eeb989f364",
                "sha256:b9fb8a08699828e6cee9e72ad7dde834ed746e0452855d79638bf43b4db6ef45"
            ],
            "index": "pypi",
            "version": "==6.1"
        },
        "isort": {
            "hashes": [
                "sha256:54da7e92468955c4fceacd0c86bd0ec997b0e1ee80d97f67c35a78b719dccab1",
                "sha256:6e811fcb295968434526407adb8796944f1988c5b65e8139058f2014cbe100fd"
            ],
            "version": "==4.3.21"
        },
        "lazy-object-proxy": {
            "hashes": [
                "sha256:0c4b206227a8097f05c4dbdd323c50edf81f15db3b8dc064d08c62d37e1a504d",
                "sha256:194d092e6f246b906e8f70884e620e459fc54db3259e60cf69a4d66c3fda3449",
                "sha256:1be7e4c9f96948003609aa6c974ae59830a6baecc5376c25c92d7d697e684c08",
                "sha256:4677f594e474c91da97f489fea5b7daa17b5517190899cf213697e48d3902f5a",
                "sha256:48dab84ebd4831077b150572aec802f303117c8cc5c871e182447281ebf3ac50",
                "sha256:5541cada25cd173702dbd99f8e22434105456314462326f06dba3e180f203dfd",
                "sha256:59f79fef100b09564bc2df42ea2d8d21a64fdcda64979c0fa3db7bdaabaf6239",
                "sha256:8d859b89baf8ef7f8bc6b00aa20316483d67f0b1cbf422f5b4dc56701c8f2ffb",
                "sha256:9254f4358b9b541e3441b007a0ea0764b9d056afdeafc1a5569eee1cc6c1b9ea",
                "sha256:9651375199045a358eb6741df3e02a651e0330be090b3bc79f6d0de31a80ec3e",
                "sha256:97bb5884f6f1cdce0099f86b907aa41c970c3c672ac8b9c8352789e103cf3156",
                "sha256:9b15f3f4c0f35727d3a0fba4b770b3c4ebbb1fa907dbcc046a1d2799f3edd142",
                "sha256:a2238e9d1bb71a56cd710611a1614d1194dc10a175c1e08d75e1a7bcc250d442",
                "sha256:a6ae12d08c0bf9909ce12385803a543bfe99b95fe01e752536a60af2b7797c62",
                "sha256:ca0a928a3ddbc5725be2dd1cf895ec0a254798915fb3a36af0964a0a4149e3db",
                "sha256:cb2c7c57005a6804ab66f106ceb8482da55f5314b7fcb06551db1edae4ad1531",
                "sha256:d74bb8693bf9cf75ac3b47a54d716bbb1a92648d5f781fc799347cfc95952383",
                "sha256:d945239a5639b3ff35b70a88c5f2f491913eb94871780ebfabb2568bd58afc5a",
                "sha256:eba7011090323c1dadf18b3b689845fd96a61ba0a1dfbd7f24b921398affc357",
                "sha256:efa1909120ce98bbb3777e8b6f92237f5d5c8ea6758efea36a473e1d38f7d3e4",
                "sha256:f3900e8a5de27447acbf900b4750b0ddfd7ec1ea7fbaf11dfa911141bc522af0"
            ],
            "version": "==1.4.3"
        },
        "mccabe": {
            "hashes": [
                "sha256:ab8a6258860da4b6677da4bd2fe5dc2c659cff31b3ee4f7f5d64e79735b80d42",
                "sha256:dd8d182285a0fe56bace7f45b5e7d1a6ebcbf524e8f3bd87eb0f125271b8831f"
            ],
            "version": "==0.6.1"
        },
        "pycodestyle": {
            "hashes": [
                "sha256:95a2219d12372f05704562a14ec30bc76b05a5b297b21a5dfe3f6fac3491ae56",
                "sha256:e40a936c9a450ad81df37f549d676d127b1b66000a6c500caa2b085bc0ca976c"
            ],
            "version": "==2.5.0"
        },
        "pyinstaller": {
            "hashes": [
                "sha256:3730fa80d088f8bb7084d32480eb87cbb4ddb64123363763cf8f2a1378c1c4b7"
            ],
            "index": "pypi",
            "version": "==3.6"
        },
        "pylint": {
            "hashes": [
                "sha256:b95e31850f3af163c2283ed40432f053acbc8fc6eba6a069cb518d9dbf71848c",
                "sha256:dd506acce0427e9e08fb87274bcaa953d38b50a58207170dbf5b36cf3e16957b"
            ],
            "index": "pypi",
            "version": "==2.5.2"
        },
        "six": {
            "hashes": [
                "sha256:236bdbdce46e6e6a3d61a337c0f8b763ca1e8717c03b369e87a7ec7ce1319c0a",
                "sha256:8f3cd2e254d8f793e7f3d6d9df77b92252b52637291d0f0da013c76ea2724b6c"
            ],
            "version": "==1.14.0"
        },
        "toml": {
            "hashes": [
                "sha256:229f81c57791a41d65e399fc06bf0848bab550a9dfd5ed66df18ce5f05e73d5c",
                "sha256:235682dd292d5899d361a811df37e04a8828a5b1da3115886b73cf81ebc9100e"
            ],
            "version": "==0.10.0"
        },
        "wrapt": {
            "hashes": [
                "sha256:b62ffa81fb85f4332a4f609cab4ac40709470da05643a082ec1eb88e6d9b97d7"
            ],
            "version": "==1.12.1"
        }
    }
}
